// !$*UTF8*$!
{
	archiveVersion = 1;
	classes = {
	};
	objectVersion = 56;
	objects = {

/* Begin PBXBuildFile section */
		34054FFD2A16784500CED8F7 /* AppDelegate.swift in Sources */ = {isa = PBXBuildFile; fileRef = 34054FFC2A16784500CED8F7 /* AppDelegate.swift */; };
		34054FFF2A16784500CED8F7 /* SceneDelegate.swift in Sources */ = {isa = PBXBuildFile; fileRef = 34054FFE2A16784500CED8F7 /* SceneDelegate.swift */; };
		340550012A16784500CED8F7 /* ViewController.swift in Sources */ = {isa = PBXBuildFile; fileRef = 340550002A16784500CED8F7 /* ViewController.swift */; };
		340550062A16784600CED8F7 /* Assets.xcassets in Resources */ = {isa = PBXBuildFile; fileRef = 340550052A16784600CED8F7 /* Assets.xcassets */; };
		340550092A16784700CED8F7 /* LaunchScreen.storyboard in Resources */ = {isa = PBXBuildFile; fileRef = 340550072A16784700CED8F7 /* LaunchScreen.storyboard */; };
		340550182A16888100CED8F7 /* MAEndpoint.swift in Sources */ = {isa = PBXBuildFile; fileRef = 340550172A16888100CED8F7 /* MAEndpoint.swift */; };
		3405501A2A1688C100CED8F7 /* MARequest.swift in Sources */ = {isa = PBXBuildFile; fileRef = 340550192A1688C100CED8F7 /* MARequest.swift */; };
		3405501C2A168AD100CED8F7 /* MAService.swift in Sources */ = {isa = PBXBuildFile; fileRef = 3405501B2A168AD100CED8F7 /* MAService.swift */; };
		3405501E2A168B5B00CED8F7 /* MAAPICacheManager.swift in Sources */ = {isa = PBXBuildFile; fileRef = 3405501D2A168B5B00CED8F7 /* MAAPICacheManager.swift */; };
		340550202A168BA900CED8F7 /* MAImageLoader.swift in Sources */ = {isa = PBXBuildFile; fileRef = 3405501F2A168BA900CED8F7 /* MAImageLoader.swift */; };
		340550222A168C3E00CED8F7 /* Extensions.swift in Sources */ = {isa = PBXBuildFile; fileRef = 340550212A168C3E00CED8F7 /* Extensions.swift */; };
		340550242A168D5800CED8F7 /* MAMovie.swift in Sources */ = {isa = PBXBuildFile; fileRef = 340550232A168D5800CED8F7 /* MAMovie.swift */; };
		340550282A168E0A00CED8F7 /* MAGetMoviesResponse.swift in Sources */ = {isa = PBXBuildFile; fileRef = 340550272A168E0A00CED8F7 /* MAGetMoviesResponse.swift */; };
		3405502B2A16910400CED8F7 /* MAMovieViewController.swift in Sources */ = {isa = PBXBuildFile; fileRef = 3405502A2A16910400CED8F7 /* MAMovieViewController.swift */; };
		340550312A1692EF00CED8F7 /* MAMovieDetailViewController.swift in Sources */ = {isa = PBXBuildFile; fileRef = 340550302A1692EF00CED8F7 /* MAMovieDetailViewController.swift */; };
		340550342A16939D00CED8F7 /* MAMovieListView.swift in Sources */ = {isa = PBXBuildFile; fileRef = 340550332A16939D00CED8F7 /* MAMovieListView.swift */; };
		340550362A1694E300CED8F7 /* MAMovieListViewViewModelDelegate.swift in Sources */ = {isa = PBXBuildFile; fileRef = 340550352A1694E300CED8F7 /* MAMovieListViewViewModelDelegate.swift */; };
		340550382A1698FB00CED8F7 /* MAMovieCollectionViewCellViewModel.swift in Sources */ = {isa = PBXBuildFile; fileRef = 340550372A1698FB00CED8F7 /* MAMovieCollectionViewCellViewModel.swift */; };
		3405503B2A169A3000CED8F7 /* MAMovieCollectionViewCell.swift in Sources */ = {isa = PBXBuildFile; fileRef = 3405503A2A169A3000CED8F7 /* MAMovieCollectionViewCell.swift */; };
		3405503D2A169AD200CED8F7 /* MAFooterLoadingCollectionReusableView.swift in Sources */ = {isa = PBXBuildFile; fileRef = 3405503C2A169AD200CED8F7 /* MAFooterLoadingCollectionReusableView.swift */; };
		3405503F2A169C1900CED8F7 /* MATabBarController.swift in Sources */ = {isa = PBXBuildFile; fileRef = 3405503E2A169C1900CED8F7 /* MATabBarController.swift */; };
/* End PBXBuildFile section */

/* Begin PBXFileReference section */
		34054FF92A16784400CED8F7 /* MoviesAppUIKit.app */ = {isa = PBXFileReference; explicitFileType = wrapper.application; includeInIndex = 0; path = MoviesAppUIKit.app; sourceTree = BUILT_PRODUCTS_DIR; };
		34054FFC2A16784500CED8F7 /* AppDelegate.swift */ = {isa = PBXFileReference; lastKnownFileType = sourcecode.swift; path = AppDelegate.swift; sourceTree = "<group>"; };
		34054FFE2A16784500CED8F7 /* SceneDelegate.swift */ = {isa = PBXFileReference; lastKnownFileType = sourcecode.swift; path = SceneDelegate.swift; sourceTree = "<group>"; };
		340550002A16784500CED8F7 /* ViewController.swift */ = {isa = PBXFileReference; lastKnownFileType = sourcecode.swift; path = ViewController.swift; sourceTree = "<group>"; };
		340550052A16784600CED8F7 /* Assets.xcassets */ = {isa = PBXFileReference; lastKnownFileType = folder.assetcatalog; path = Assets.xcassets; sourceTree = "<group>"; };
		340550082A16784700CED8F7 /* Base */ = {isa = PBXFileReference; lastKnownFileType = file.storyboard; name = Base; path = Base.lproj/LaunchScreen.storyboard; sourceTree = "<group>"; };
		3405500A2A16784700CED8F7 /* Info.plist */ = {isa = PBXFileReference; lastKnownFileType = text.plist.xml; path = Info.plist; sourceTree = "<group>"; };
		340550172A16888100CED8F7 /* MAEndpoint.swift */ = {isa = PBXFileReference; lastKnownFileType = sourcecode.swift; path = MAEndpoint.swift; sourceTree = "<group>"; };
		340550192A1688C100CED8F7 /* MARequest.swift */ = {isa = PBXFileReference; lastKnownFileType = sourcecode.swift; path = MARequest.swift; sourceTree = "<group>"; };
		3405501B2A168AD100CED8F7 /* MAService.swift */ = {isa = PBXFileReference; lastKnownFileType = sourcecode.swift; path = MAService.swift; sourceTree = "<group>"; };
		3405501D2A168B5B00CED8F7 /* MAAPICacheManager.swift */ = {isa = PBXFileReference; lastKnownFileType = sourcecode.swift; path = MAAPICacheManager.swift; sourceTree = "<group>"; };
		3405501F2A168BA900CED8F7 /* MAImageLoader.swift */ = {isa = PBXFileReference; lastKnownFileType = sourcecode.swift; path = MAImageLoader.swift; sourceTree = "<group>"; };
		340550212A168C3E00CED8F7 /* Extensions.swift */ = {isa = PBXFileReference; lastKnownFileType = sourcecode.swift; path = Extensions.swift; sourceTree = "<group>"; };
		340550232A168D5800CED8F7 /* MAMovie.swift */ = {isa = PBXFileReference; lastKnownFileType = sourcecode.swift; path = MAMovie.swift; sourceTree = "<group>"; };
		340550272A168E0A00CED8F7 /* MAGetMoviesResponse.swift */ = {isa = PBXFileReference; lastKnownFileType = sourcecode.swift; path = MAGetMoviesResponse.swift; sourceTree = "<group>"; };
		3405502A2A16910400CED8F7 /* MAMovieViewController.swift */ = {isa = PBXFileReference; lastKnownFileType = sourcecode.swift; path = MAMovieViewController.swift; sourceTree = "<group>"; };
		340550302A1692EF00CED8F7 /* MAMovieDetailViewController.swift */ = {isa = PBXFileReference; lastKnownFileType = sourcecode.swift; path = MAMovieDetailViewController.swift; sourceTree = "<group>"; };
		340550332A16939D00CED8F7 /* MAMovieListView.swift */ = {isa = PBXFileReference; lastKnownFileType = sourcecode.swift; path = MAMovieListView.swift; sourceTree = "<group>"; };
		340550352A1694E300CED8F7 /* MAMovieListViewViewModelDelegate.swift */ = {isa = PBXFileReference; lastKnownFileType = sourcecode.swift; path = MAMovieListViewViewModelDelegate.swift; sourceTree = "<group>"; };
		340550372A1698FB00CED8F7 /* MAMovieCollectionViewCellViewModel.swift */ = {isa = PBXFileReference; lastKnownFileType = sourcecode.swift; path = MAMovieCollectionViewCellViewModel.swift; sourceTree = "<group>"; };
		3405503A2A169A3000CED8F7 /* MAMovieCollectionViewCell.swift */ = {isa = PBXFileReference; lastKnownFileType = sourcecode.swift; path = MAMovieCollectionViewCell.swift; sourceTree = "<group>"; };
		3405503C2A169AD200CED8F7 /* MAFooterLoadingCollectionReusableView.swift */ = {isa = PBXFileReference; lastKnownFileType = sourcecode.swift; path = MAFooterLoadingCollectionReusableView.swift; sourceTree = "<group>"; };
		3405503E2A169C1900CED8F7 /* MATabBarController.swift */ = {isa = PBXFileReference; lastKnownFileType = sourcecode.swift; path = MATabBarController.swift; sourceTree = "<group>"; };
/* End PBXFileReference section */

/* Begin PBXFrameworksBuildPhase section */
		34054FF62A16784400CED8F7 /* Frameworks */ = {
			isa = PBXFrameworksBuildPhase;
			buildActionMask = 2147483647;
			files = (
			);
			runOnlyForDeploymentPostprocessing = 0;
		};
/* End PBXFrameworksBuildPhase section */

/* Begin PBXGroup section */
		34054FF02A16784400CED8F7 = {
			isa = PBXGroup;
			children = (
				34054FFB2A16784400CED8F7 /* MoviesAppUIKit */,
				34054FFA2A16784400CED8F7 /* Products */,
			);
			sourceTree = "<group>";
		};
		34054FFA2A16784400CED8F7 /* Products */ = {
			isa = PBXGroup;
			children = (
				34054FF92A16784400CED8F7 /* MoviesAppUIKit.app */,
			);
			name = Products;
			sourceTree = "<group>";
		};
		34054FFB2A16784400CED8F7 /* MoviesAppUIKit */ = {
			isa = PBXGroup;
			children = (
				340550162A167AD700CED8F7 /* Resources */,
				340550142A167ABF00CED8F7 /* Managers */,
				340550152A167AC700CED8F7 /* APIClient */,
				340550112A167A8900CED8F7 /* Models */,
				340550132A167AAA00CED8F7 /* ViewsModels */,
				340550102A167A6B00CED8F7 /* Controllers */,
				340550122A167A9800CED8F7 /* Views */,
				3405500A2A16784700CED8F7 /* Info.plist */,
			);
			path = MoviesAppUIKit;
			sourceTree = "<group>";
		};
		340550102A167A6B00CED8F7 /* Controllers */ = {
			isa = PBXGroup;
			children = (
				3405502C2A16914800CED8F7 /* Other */,
				340550292A1690D900CED8F7 /* Core */,
				340550002A16784500CED8F7 /* ViewController.swift */,
			);
			path = Controllers;
			sourceTree = "<group>";
		};
		340550112A167A8900CED8F7 /* Models */ = {
			isa = PBXGroup;
			children = (
				340550262A168DDB00CED8F7 /* APIResponseTypes */,
				340550252A168DC900CED8F7 /* DataTypes */,
			);
			path = Models;
			sourceTree = "<group>";
		};
		340550122A167A9800CED8F7 /* Views */ = {
			isa = PBXGroup;
			children = (
				340550322A16937800CED8F7 /* Movie */,
				3405503C2A169AD200CED8F7 /* MAFooterLoadingCollectionReusableView.swift */,
			);
			path = Views;
			sourceTree = "<group>";
		};
		340550132A167AAA00CED8F7 /* ViewsModels */ = {
			isa = PBXGroup;
			children = (
				340550392A1699B200CED8F7 /* Movie */,
			);
			path = ViewsModels;
			sourceTree = "<group>";
		};
		340550142A167ABF00CED8F7 /* Managers */ = {
			isa = PBXGroup;
			children = (
				3405501D2A168B5B00CED8F7 /* MAAPICacheManager.swift */,
				3405501F2A168BA900CED8F7 /* MAImageLoader.swift */,
			);
			path = Managers;
			sourceTree = "<group>";
		};
		340550152A167AC700CED8F7 /* APIClient */ = {
			isa = PBXGroup;
			children = (
				340550172A16888100CED8F7 /* MAEndpoint.swift */,
				340550192A1688C100CED8F7 /* MARequest.swift */,
				3405501B2A168AD100CED8F7 /* MAService.swift */,
			);
			path = APIClient;
			sourceTree = "<group>";
		};
		340550162A167AD700CED8F7 /* Resources */ = {
			isa = PBXGroup;
			children = (
				340550052A16784600CED8F7 /* Assets.xcassets */,
				340550072A16784700CED8F7 /* LaunchScreen.storyboard */,
				34054FFC2A16784500CED8F7 /* AppDelegate.swift */,
				34054FFE2A16784500CED8F7 /* SceneDelegate.swift */,
				340550212A168C3E00CED8F7 /* Extensions.swift */,
			);
			path = Resources;
			sourceTree = "<group>";
		};
		340550252A168DC900CED8F7 /* DataTypes */ = {
			isa = PBXGroup;
			children = (
				340550232A168D5800CED8F7 /* MAMovie.swift */,
			);
			path = DataTypes;
			sourceTree = "<group>";
		};
		340550262A168DDB00CED8F7 /* APIResponseTypes */ = {
			isa = PBXGroup;
			children = (
				340550272A168E0A00CED8F7 /* MAGetMoviesResponse.swift */,
			);
			path = APIResponseTypes;
			sourceTree = "<group>";
		};
		340550292A1690D900CED8F7 /* Core */ = {
			isa = PBXGroup;
			children = (
				3405502A2A16910400CED8F7 /* MAMovieViewController.swift */,
				3405503E2A169C1900CED8F7 /* MATabBarController.swift */,
			);
			path = Core;
			sourceTree = "<group>";
		};
		3405502C2A16914800CED8F7 /* Other */ = {
			isa = PBXGroup;
			children = (
				340550302A1692EF00CED8F7 /* MAMovieDetailViewController.swift */,
			);
			path = Other;
			sourceTree = "<group>";
		};
		340550322A16937800CED8F7 /* Movie */ = {
			isa = PBXGroup;
			children = (
				340550332A16939D00CED8F7 /* MAMovieListView.swift */,
				3405503A2A169A3000CED8F7 /* MAMovieCollectionViewCell.swift */,
			);
			path = Movie;
			sourceTree = "<group>";
		};
		340550392A1699B200CED8F7 /* Movie */ = {
			isa = PBXGroup;
			children = (
				340550352A1694E300CED8F7 /* MAMovieListViewViewModelDelegate.swift */,
				340550372A1698FB00CED8F7 /* MAMovieCollectionViewCellViewModel.swift */,
			);
			path = Movie;
			sourceTree = "<group>";
		};
/* End PBXGroup section */

/* Begin PBXNativeTarget section */
		34054FF82A16784400CED8F7 /* MoviesAppUIKit */ = {
			isa = PBXNativeTarget;
			buildConfigurationList = 3405500D2A16784700CED8F7 /* Build configuration list for PBXNativeTarget "MoviesAppUIKit" */;
			buildPhases = (
				34054FF52A16784400CED8F7 /* Sources */,
				34054FF62A16784400CED8F7 /* Frameworks */,
				34054FF72A16784400CED8F7 /* Resources */,
			);
			buildRules = (
			);
			dependencies = (
			);
			name = MoviesAppUIKit;
			productName = MoviesAppUIKit;
			productReference = 34054FF92A16784400CED8F7 /* MoviesAppUIKit.app */;
			productType = "com.apple.product-type.application";
		};
/* End PBXNativeTarget section */

/* Begin PBXProject section */
		34054FF12A16784400CED8F7 /* Project object */ = {
			isa = PBXProject;
			attributes = {
				BuildIndependentTargetsInParallel = 1;
				LastSwiftUpdateCheck = 1430;
				LastUpgradeCheck = 1430;
				TargetAttributes = {
					34054FF82A16784400CED8F7 = {
						CreatedOnToolsVersion = 14.3;
					};
				};
			};
			buildConfigurationList = 34054FF42A16784400CED8F7 /* Build configuration list for PBXProject "MoviesAppUIKit" */;
			compatibilityVersion = "Xcode 14.0";
			developmentRegion = en;
			hasScannedForEncodings = 0;
			knownRegions = (
				en,
				Base,
			);
			mainGroup = 34054FF02A16784400CED8F7;
			productRefGroup = 34054FFA2A16784400CED8F7 /* Products */;
			projectDirPath = "";
			projectRoot = "";
			targets = (
				34054FF82A16784400CED8F7 /* MoviesAppUIKit */,
			);
		};
/* End PBXProject section */

/* Begin PBXResourcesBuildPhase section */
		34054FF72A16784400CED8F7 /* Resources */ = {
			isa = PBXResourcesBuildPhase;
			buildActionMask = 2147483647;
			files = (
				340550092A16784700CED8F7 /* LaunchScreen.storyboard in Resources */,
				340550062A16784600CED8F7 /* Assets.xcassets in Resources */,
			);
			runOnlyForDeploymentPostprocessing = 0;
		};
/* End PBXResourcesBuildPhase section */

/* Begin PBXSourcesBuildPhase section */
		34054FF52A16784400CED8F7 /* Sources */ = {
			isa = PBXSourcesBuildPhase;
			buildActionMask = 2147483647;
			files = (
				3405501A2A1688C100CED8F7 /* MARequest.swift in Sources */,
				3405503D2A169AD200CED8F7 /* MAFooterLoadingCollectionReusableView.swift in Sources */,
				340550222A168C3E00CED8F7 /* Extensions.swift in Sources */,
				340550012A16784500CED8F7 /* ViewController.swift in Sources */,
				34054FFD2A16784500CED8F7 /* AppDelegate.swift in Sources */,
				340550382A1698FB00CED8F7 /* MAMovieCollectionViewCellViewModel.swift in Sources */,
				340550362A1694E300CED8F7 /* MAMovieListViewViewModelDelegate.swift in Sources */,
				340550182A16888100CED8F7 /* MAEndpoint.swift in Sources */,
				3405501E2A168B5B00CED8F7 /* MAAPICacheManager.swift in Sources */,
				340550282A168E0A00CED8F7 /* MAGetMoviesResponse.swift in Sources */,
				340550242A168D5800CED8F7 /* MAMovie.swift in Sources */,
				340550312A1692EF00CED8F7 /* MAMovieDetailViewController.swift in Sources */,
				3405503B2A169A3000CED8F7 /* MAMovieCollectionViewCell.swift in Sources */,
				34054FFF2A16784500CED8F7 /* SceneDelegate.swift in Sources */,
				3405503F2A169C1900CED8F7 /* MATabBarController.swift in Sources */,
				340550202A168BA900CED8F7 /* MAImageLoader.swift in Sources */,
				340550342A16939D00CED8F7 /* MAMovieListView.swift in Sources */,
				3405501C2A168AD100CED8F7 /* MAService.swift in Sources */,
				3405502B2A16910400CED8F7 /* MAMovieViewController.swift in Sources */,
			);
			runOnlyForDeploymentPostprocessing = 0;
		};
/* End PBXSourcesBuildPhase section */

/* Begin PBXVariantGroup section */
		340550072A16784700CED8F7 /* LaunchScreen.storyboard */ = {
			isa = PBXVariantGroup;
			children = (
				340550082A16784700CED8F7 /* Base */,
			);
			name = LaunchScreen.storyboard;
			sourceTree = "<group>";
		};
/* End PBXVariantGroup section */

/* Begin XCBuildConfiguration section */
		3405500B2A16784700CED8F7 /* Debug */ = {
			isa = XCBuildConfiguration;
			buildSettings = {
				ALWAYS_SEARCH_USER_PATHS = NO;
				CLANG_ANALYZER_NONNULL = YES;
				CLANG_ANALYZER_NUMBER_OBJECT_CONVERSION = YES_AGGRESSIVE;
				CLANG_CXX_LANGUAGE_STANDARD = "gnu++20";
				CLANG_ENABLE_MODULES = YES;
				CLANG_ENABLE_OBJC_ARC = YES;
				CLANG_ENABLE_OBJC_WEAK = YES;
				CLANG_WARN_BLOCK_CAPTURE_AUTORELEASING = YES;
				CLANG_WARN_BOOL_CONVERSION = YES;
				CLANG_WARN_COMMA = YES;
				CLANG_WARN_CONSTANT_CONVERSION = YES;
				CLANG_WARN_DEPRECATED_OBJC_IMPLEMENTATIONS = YES;
				CLANG_WARN_DIRECT_OBJC_ISA_USAGE = YES_ERROR;
				CLANG_WARN_DOCUMENTATION_COMMENTS = YES;
				CLANG_WARN_EMPTY_BODY = YES;
				CLANG_WARN_ENUM_CONVERSION = YES;
				CLANG_WARN_INFINITE_RECURSION = YES;
				CLANG_WARN_INT_CONVERSION = YES;
				CLANG_WARN_NON_LITERAL_NULL_CONVERSION = YES;
				CLANG_WARN_OBJC_IMPLICIT_RETAIN_SELF = YES;
				CLANG_WARN_OBJC_LITERAL_CONVERSION = YES;
				CLANG_WARN_OBJC_ROOT_CLASS = YES_ERROR;
				CLANG_WARN_QUOTED_INCLUDE_IN_FRAMEWORK_HEADER = YES;
				CLANG_WARN_RANGE_LOOP_ANALYSIS = YES;
				CLANG_WARN_STRICT_PROTOTYPES = YES;
				CLANG_WARN_SUSPICIOUS_MOVE = YES;
				CLANG_WARN_UNGUARDED_AVAILABILITY = YES_AGGRESSIVE;
				CLANG_WARN_UNREACHABLE_CODE = YES;
				CLANG_WARN__DUPLICATE_METHOD_MATCH = YES;
				COPY_PHASE_STRIP = NO;
				DEBUG_INFORMATION_FORMAT = dwarf;
				ENABLE_STRICT_OBJC_MSGSEND = YES;
				ENABLE_TESTABILITY = YES;
				GCC_C_LANGUAGE_STANDARD = gnu11;
				GCC_DYNAMIC_NO_PIC = NO;
				GCC_NO_COMMON_BLOCKS = YES;
				GCC_OPTIMIZATION_LEVEL = 0;
				GCC_PREPROCESSOR_DEFINITIONS = (
					"DEBUG=1",
					"$(inherited)",
				);
				GCC_WARN_64_TO_32_BIT_CONVERSION = YES;
				GCC_WARN_ABOUT_RETURN_TYPE = YES_ERROR;
				GCC_WARN_UNDECLARED_SELECTOR = YES;
				GCC_WARN_UNINITIALIZED_AUTOS = YES_AGGRESSIVE;
				GCC_WARN_UNUSED_FUNCTION = YES;
				GCC_WARN_UNUSED_VARIABLE = YES;
				IPHONEOS_DEPLOYMENT_TARGET = 16.4;
				MTL_ENABLE_DEBUG_INFO = INCLUDE_SOURCE;
				MTL_FAST_MATH = YES;
				ONLY_ACTIVE_ARCH = YES;
				SDKROOT = iphoneos;
				SWIFT_ACTIVE_COMPILATION_CONDITIONS = DEBUG;
				SWIFT_OPTIMIZATION_LEVEL = "-Onone";
			};
			name = Debug;
		};
		3405500C2A16784700CED8F7 /* Release */ = {
			isa = XCBuildConfiguration;
			buildSettings = {
				ALWAYS_SEARCH_USER_PATHS = NO;
				CLANG_ANALYZER_NONNULL = YES;
				CLANG_ANALYZER_NUMBER_OBJECT_CONVERSION = YES_AGGRESSIVE;
				CLANG_CXX_LANGUAGE_STANDARD = "gnu++20";
				CLANG_ENABLE_MODULES = YES;
				CLANG_ENABLE_OBJC_ARC = YES;
				CLANG_ENABLE_OBJC_WEAK = YES;
				CLANG_WARN_BLOCK_CAPTURE_AUTORELEASING = YES;
				CLANG_WARN_BOOL_CONVERSION = YES;
				CLANG_WARN_COMMA = YES;
				CLANG_WARN_CONSTANT_CONVERSION = YES;
				CLANG_WARN_DEPRECATED_OBJC_IMPLEMENTATIONS = YES;
				CLANG_WARN_DIRECT_OBJC_ISA_USAGE = YES_ERROR;
				CLANG_WARN_DOCUMENTATION_COMMENTS = YES;
				CLANG_WARN_EMPTY_BODY = YES;
				CLANG_WARN_ENUM_CONVERSION = YES;
				CLANG_WARN_INFINITE_RECURSION = YES;
				CLANG_WARN_INT_CONVERSION = YES;
				CLANG_WARN_NON_LITERAL_NULL_CONVERSION = YES;
				CLANG_WARN_OBJC_IMPLICIT_RETAIN_SELF = YES;
				CLANG_WARN_OBJC_LITERAL_CONVERSION = YES;
				CLANG_WARN_OBJC_ROOT_CLASS = YES_ERROR;
				CLANG_WARN_QUOTED_INCLUDE_IN_FRAMEWORK_HEADER = YES;
				CLANG_WARN_RANGE_LOOP_ANALYSIS = YES;
				CLANG_WARN_STRICT_PROTOTYPES = YES;
				CLANG_WARN_SUSPICIOUS_MOVE = YES;
				CLANG_WARN_UNGUARDED_AVAILABILITY = YES_AGGRESSIVE;
				CLANG_WARN_UNREACHABLE_CODE = YES;
				CLANG_WARN__DUPLICATE_METHOD_MATCH = YES;
				COPY_PHASE_STRIP = NO;
				DEBUG_INFORMATION_FORMAT = "dwarf-with-dsym";
				ENABLE_NS_ASSERTIONS = NO;
				ENABLE_STRICT_OBJC_MSGSEND = YES;
				GCC_C_LANGUAGE_STANDARD = gnu11;
				GCC_NO_COMMON_BLOCKS = YES;
				GCC_WARN_64_TO_32_BIT_CONVERSION = YES;
				GCC_WARN_ABOUT_RETURN_TYPE = YES_ERROR;
				GCC_WARN_UNDECLARED_SELECTOR = YES;
				GCC_WARN_UNINITIALIZED_AUTOS = YES_AGGRESSIVE;
				GCC_WARN_UNUSED_FUNCTION = YES;
				GCC_WARN_UNUSED_VARIABLE = YES;
				IPHONEOS_DEPLOYMENT_TARGET = 16.4;
				MTL_ENABLE_DEBUG_INFO = NO;
				MTL_FAST_MATH = YES;
				SDKROOT = iphoneos;
				SWIFT_COMPILATION_MODE = wholemodule;
				SWIFT_OPTIMIZATION_LEVEL = "-O";
				VALIDATE_PRODUCT = YES;
			};
			name = Release;
		};
		3405500E2A16784700CED8F7 /* Debug */ = {
			isa = XCBuildConfiguration;
			buildSettings = {
				ASSETCATALOG_COMPILER_APPICON_NAME = AppIcon;
				ASSETCATALOG_COMPILER_GLOBAL_ACCENT_COLOR_NAME = AccentColor;
				CODE_SIGN_STYLE = Automatic;
				CURRENT_PROJECT_VERSION = 1;
				GENERATE_INFOPLIST_FILE = YES;
				INFOPLIST_FILE = MoviesAppUIKit/Info.plist;
				INFOPLIST_KEY_UIApplicationSupportsIndirectInputEvents = YES;
				INFOPLIST_KEY_UILaunchStoryboardName = LaunchScreen;
				INFOPLIST_KEY_UISupportedInterfaceOrientations_iPad = "UIInterfaceOrientationPortrait UIInterfaceOrientationPortraitUpsideDown UIInterfaceOrientationLandscapeLeft UIInterfaceOrientationLandscapeRight";
				INFOPLIST_KEY_UISupportedInterfaceOrientations_iPhone = "UIInterfaceOrientationPortrait UIInterfaceOrientationLandscapeLeft UIInterfaceOrientationLandscapeRight";
				LD_RUNPATH_SEARCH_PATHS = (
					"$(inherited)",
					"@executable_path/Frameworks",
				);
				MARKETING_VERSION = 1.0;
				PRODUCT_BUNDLE_IDENTIFIER = fecanhameiro.MoviesAppUIKit;
				PRODUCT_NAME = "$(TARGET_NAME)";
				SWIFT_EMIT_LOC_STRINGS = YES;
				SWIFT_VERSION = 5.0;
				TARGETED_DEVICE_FAMILY = "1,2";
			};
			name = Debug;
		};
		3405500F2A16784700CED8F7 /* Release */ = {
			isa = XCBuildConfiguration;
			buildSettings = {
				ASSETCATALOG_COMPILER_APPICON_NAME = AppIcon;
				ASSETCATALOG_COMPILER_GLOBAL_ACCENT_COLOR_NAME = AccentColor;
				CODE_SIGN_STYLE = Automatic;
				CURRENT_PROJECT_VERSION = 1;
				GENERATE_INFOPLIST_FILE = YES;
				INFOPLIST_FILE = MoviesAppUIKit/Info.plist;
				INFOPLIST_KEY_UIApplicationSupportsIndirectInputEvents = YES;
				INFOPLIST_KEY_UILaunchStoryboardName = LaunchScreen;
				INFOPLIST_KEY_UISupportedInterfaceOrientations_iPad = "UIInterfaceOrientationPortrait UIInterfaceOrientationPortraitUpsideDown UIInterfaceOrientationLandscapeLeft UIInterfaceOrientationLandscapeRight";
				INFOPLIST_KEY_UISupportedInterfaceOrientations_iPhone = "UIInterfaceOrientationPortrait UIInterfaceOrientationLandscapeLeft UIInterfaceOrientationLandscapeRight";
				LD_RUNPATH_SEARCH_PATHS = (
					"$(inherited)",
					"@executable_path/Frameworks",
				);
				MARKETING_VERSION = 1.0;
				PRODUCT_BUNDLE_IDENTIFIER = fecanhameiro.MoviesAppUIKit;
				PRODUCT_NAME = "$(TARGET_NAME)";
				SWIFT_EMIT_LOC_STRINGS = YES;
				SWIFT_VERSION = 5.0;
				TARGETED_DEVICE_FAMILY = "1,2";
			};
			name = Release;
		};
/* End XCBuildConfiguration section */

/* Begin XCConfigurationList section */
		34054FF42A16784400CED8F7 /* Build configuration list for PBXProject "MoviesAppUIKit" */ = {
			isa = XCConfigurationList;
			buildConfigurations = (
				3405500B2A16784700CED8F7 /* Debug */,
				3405500C2A16784700CED8F7 /* Release */,
			);
			defaultConfigurationIsVisible = 0;
			defaultConfigurationName = Release;
		};
		3405500D2A16784700CED8F7 /* Build configuration list for PBXNativeTarget "MoviesAppUIKit" */ = {
			isa = XCConfigurationList;
			buildConfigurations = (
				3405500E2A16784700CED8F7 /* Debug */,
				3405500F2A16784700CED8F7 /* Release */,
			);
			defaultConfigurationIsVisible = 0;
			defaultConfigurationName = Release;
		};
/* End XCConfigurationList section */
	};
	rootObject = 34054FF12A16784400CED8F7 /* Project object */;
}
